
Microsoft Visual Studio Solution File, Format Version 12.00
# Visual Studio Version 17
VisualStudioVersion = 17.4.33110.190
MinimumVisualStudioVersion = 10.0.40219.1
Project("{FAE04EC0-301F-11D3-BF4B-00C04F79EFBC}") = "SOAPproject", "SOAPproject.csproj", "{77C6C54A-0C27-4EB6-80B1-1516FB902BC0}"
EndProject
Global
	GlobalSection(SolutionConfigurationPlatforms) = preSolution
		Debug|Any CPU = Debug|Any CPU
		Release|Any CPU = Release|Any CPU
	EndGlobalSection
	GlobalSection(ProjectConfigurationPlatforms) = postSolution
		{77C6C54A-0C27-4EB6-80B1-1516FB902BC0}.Debug|Any CPU.ActiveCfg = Debug|Any CPU
		{77C6C54A-0C27-4EB6-80B1-1516FB902BC0}.Debug|Any CPU.Build.0 = Debug|Any CPU
		{77C6C54A-0C27-4EB6-80B1-1516FB902BC0}.Release|Any CPU.ActiveCfg = Release|Any CPU
		{77C6C54A-0C27-4EB6-80B1-1516FB902BC0}.Release|Any CPU.Build.0 = Release|Any CPU
	EndGlobalSection
	GlobalSection(SolutionProperties) = preSolution
		HideSolutionNode = FALSE
	EndGlobalSection
	GlobalSection(ExtensibilityGlobals) = postSolution
		SolutionGuid = {B929A216-99EC-44A4-B55D-6B38612605F2}
	EndGlobalSection
EndGlobal
